// !$*UTF8*$!
{
	archiveVersion = 1;
	classes = {
	};
	objectVersion = 50;
	objects = {

/* Begin PBXBuildFile section */
		A7214E8A211E4AA500C34039 /* ProjectDetailsCell.swift in Sources */ = {isa = PBXBuildFile; fileRef = A7214E89211E4AA500C34039 /* ProjectDetailsCell.swift */; };
		A7214E8C211E4AB400C34039 /* NewTaskCell.swift in Sources */ = {isa = PBXBuildFile; fileRef = A7214E8B211E4AB400C34039 /* NewTaskCell.swift */; };
		A7278D3C210A275D009B2FC3 /* AppDelegate.swift in Sources */ = {isa = PBXBuildFile; fileRef = A7278D3B210A275D009B2FC3 /* AppDelegate.swift */; };
		A7278D41210A275D009B2FC3 /* Main.storyboard in Resources */ = {isa = PBXBuildFile; fileRef = A7278D3F210A275D009B2FC3 /* Main.storyboard */; };
		A7278D44210A275D009B2FC3 /* Just_Start.xcdatamodeld in Sources */ = {isa = PBXBuildFile; fileRef = A7278D42210A275D009B2FC3 /* Just_Start.xcdatamodeld */; };
		A7278D46210A275F009B2FC3 /* Assets.xcassets in Resources */ = {isa = PBXBuildFile; fileRef = A7278D45210A275F009B2FC3 /* Assets.xcassets */; };
		A7278D49210A275F009B2FC3 /* LaunchScreen.storyboard in Resources */ = {isa = PBXBuildFile; fileRef = A7278D47210A275F009B2FC3 /* LaunchScreen.storyboard */; };
		A7278D54210A2760009B2FC3 /* Just_StartTests.swift in Sources */ = {isa = PBXBuildFile; fileRef = A7278D53210A2760009B2FC3 /* Just_StartTests.swift */; };
		A7278D5F210A28F6009B2FC3 /* ProjectListController.swift in Sources */ = {isa = PBXBuildFile; fileRef = A7278D5E210A28F6009B2FC3 /* ProjectListController.swift */; };
		A7278D61210A2B8A009B2FC3 /* ProjectCell.swift in Sources */ = {isa = PBXBuildFile; fileRef = A7278D60210A2B8A009B2FC3 /* ProjectCell.swift */; };
		A7451382210F623600512AC4 /* AddProjectController.swift in Sources */ = {isa = PBXBuildFile; fileRef = A7451381210F623600512AC4 /* AddProjectController.swift */; };
		A75194CD211A7962003F5E14 /* CoreDataStack.swift in Sources */ = {isa = PBXBuildFile; fileRef = A75194CC211A7962003F5E14 /* CoreDataStack.swift */; };
		A75194CF211A7AA9003F5E14 /* Utils.swift in Sources */ = {isa = PBXBuildFile; fileRef = A75194CE211A7AA9003F5E14 /* Utils.swift */; };
		A75194D2211A7CE0003F5E14 /* TaskListController.swift in Sources */ = {isa = PBXBuildFile; fileRef = A75194D1211A7CE0003F5E14 /* TaskListController.swift */; };
		A75194DB211A8A1A003F5E14 /* Project+CoreDataClass.swift in Sources */ = {isa = PBXBuildFile; fileRef = A75194D7211A8A1A003F5E14 /* Project+CoreDataClass.swift */; };
		A75194DC211A8A1A003F5E14 /* Project+CoreDataProperties.swift in Sources */ = {isa = PBXBuildFile; fileRef = A75194D8211A8A1A003F5E14 /* Project+CoreDataProperties.swift */; };
		A75194DD211A8A1A003F5E14 /* Task+CoreDataClass.swift in Sources */ = {isa = PBXBuildFile; fileRef = A75194D9211A8A1A003F5E14 /* Task+CoreDataClass.swift */; };
		A75194DE211A8A1A003F5E14 /* Task+CoreDataProperties.swift in Sources */ = {isa = PBXBuildFile; fileRef = A75194DA211A8A1A003F5E14 /* Task+CoreDataProperties.swift */; };
		A7F7CF51211D1C3C00629D82 /* AddTaskController.swift in Sources */ = {isa = PBXBuildFile; fileRef = A7F7CF50211D1C3C00629D82 /* AddTaskController.swift */; };
		A7F7CF53211D223100629D82 /* TaskCell.swift in Sources */ = {isa = PBXBuildFile; fileRef = A7F7CF52211D223100629D82 /* TaskCell.swift */; };
		A7F7CF58211D230000629D82 /* TabController.swift in Sources */ = {isa = PBXBuildFile; fileRef = A7F7CF57211D230000629D82 /* TabController.swift */; };
/* End PBXBuildFile section */

/* Begin PBXContainerItemProxy section */
		A7278D50210A2760009B2FC3 /* PBXContainerItemProxy */ = {
			isa = PBXContainerItemProxy;
			containerPortal = A7278D30210A275D009B2FC3 /* Project object */;
			proxyType = 1;
			remoteGlobalIDString = A7278D37210A275D009B2FC3;
			remoteInfo = "Just Start";
		};
/* End PBXContainerItemProxy section */

/* Begin PBXFileReference section */
		A7214E89211E4AA500C34039 /* ProjectDetailsCell.swift */ = {isa = PBXFileReference; lastKnownFileType = sourcecode.swift; path = ProjectDetailsCell.swift; sourceTree = "<group>"; };
		A7214E8B211E4AB400C34039 /* NewTaskCell.swift */ = {isa = PBXFileReference; lastKnownFileType = sourcecode.swift; path = NewTaskCell.swift; sourceTree = "<group>"; };
		A7278D38210A275D009B2FC3 /* Just Start.app */ = {isa = PBXFileReference; explicitFileType = wrapper.application; includeInIndex = 0; path = "Just Start.app"; sourceTree = BUILT_PRODUCTS_DIR; };
		A7278D3B210A275D009B2FC3 /* AppDelegate.swift */ = {isa = PBXFileReference; lastKnownFileType = sourcecode.swift; path = AppDelegate.swift; sourceTree = "<group>"; };
		A7278D40210A275D009B2FC3 /* Base */ = {isa = PBXFileReference; lastKnownFileType = file.storyboard; name = Base; path = Base.lproj/Main.storyboard; sourceTree = "<group>"; };
		A7278D43210A275D009B2FC3 /* Just_Start.xcdatamodel */ = {isa = PBXFileReference; lastKnownFileType = wrapper.xcdatamodel; path = Just_Start.xcdatamodel; sourceTree = "<group>"; };
		A7278D45210A275F009B2FC3 /* Assets.xcassets */ = {isa = PBXFileReference; lastKnownFileType = folder.assetcatalog; path = Assets.xcassets; sourceTree = "<group>"; };
		A7278D48210A275F009B2FC3 /* Base */ = {isa = PBXFileReference; lastKnownFileType = file.storyboard; name = Base; path = Base.lproj/LaunchScreen.storyboard; sourceTree = "<group>"; };
		A7278D4A210A275F009B2FC3 /* Info.plist */ = {isa = PBXFileReference; lastKnownFileType = text.plist.xml; path = Info.plist; sourceTree = "<group>"; };
		A7278D4F210A2760009B2FC3 /* Just StartTests.xctest */ = {isa = PBXFileReference; explicitFileType = wrapper.cfbundle; includeInIndex = 0; path = "Just StartTests.xctest"; sourceTree = BUILT_PRODUCTS_DIR; };
		A7278D53210A2760009B2FC3 /* Just_StartTests.swift */ = {isa = PBXFileReference; lastKnownFileType = sourcecode.swift; path = Just_StartTests.swift; sourceTree = "<group>"; };
		A7278D55210A2760009B2FC3 /* Info.plist */ = {isa = PBXFileReference; lastKnownFileType = text.plist.xml; path = Info.plist; sourceTree = "<group>"; };
		A7278D5E210A28F6009B2FC3 /* ProjectListController.swift */ = {isa = PBXFileReference; lastKnownFileType = sourcecode.swift; path = ProjectListController.swift; sourceTree = "<group>"; };
		A7278D60210A2B8A009B2FC3 /* ProjectCell.swift */ = {isa = PBXFileReference; lastKnownFileType = sourcecode.swift; path = ProjectCell.swift; sourceTree = "<group>"; };
		A7451381210F623600512AC4 /* AddProjectController.swift */ = {isa = PBXFileReference; lastKnownFileType = sourcecode.swift; path = AddProjectController.swift; sourceTree = "<group>"; };
		A75194CC211A7962003F5E14 /* CoreDataStack.swift */ = {isa = PBXFileReference; lastKnownFileType = sourcecode.swift; path = CoreDataStack.swift; sourceTree = "<group>"; };
		A75194CE211A7AA9003F5E14 /* Utils.swift */ = {isa = PBXFileReference; lastKnownFileType = sourcecode.swift; path = Utils.swift; sourceTree = "<group>"; };
		A75194D1211A7CE0003F5E14 /* TaskListController.swift */ = {isa = PBXFileReference; lastKnownFileType = sourcecode.swift; path = TaskListController.swift; sourceTree = "<group>"; };
		A75194D7211A8A1A003F5E14 /* Project+CoreDataClass.swift */ = {isa = PBXFileReference; lastKnownFileType = sourcecode.swift; path = "Project+CoreDataClass.swift"; sourceTree = "<group>"; };
		A75194D8211A8A1A003F5E14 /* Project+CoreDataProperties.swift */ = {isa = PBXFileReference; lastKnownFileType = sourcecode.swift; path = "Project+CoreDataProperties.swift"; sourceTree = "<group>"; };
		A75194D9211A8A1A003F5E14 /* Task+CoreDataClass.swift */ = {isa = PBXFileReference; lastKnownFileType = sourcecode.swift; path = "Task+CoreDataClass.swift"; sourceTree = "<group>"; };
		A75194DA211A8A1A003F5E14 /* Task+CoreDataProperties.swift */ = {isa = PBXFileReference; lastKnownFileType = sourcecode.swift; path = "Task+CoreDataProperties.swift"; sourceTree = "<group>"; };
		A7F7CF50211D1C3C00629D82 /* AddTaskController.swift */ = {isa = PBXFileReference; lastKnownFileType = sourcecode.swift; path = AddTaskController.swift; sourceTree = "<group>"; };
		A7F7CF52211D223100629D82 /* TaskCell.swift */ = {isa = PBXFileReference; lastKnownFileType = sourcecode.swift; path = TaskCell.swift; sourceTree = "<group>"; };
		A7F7CF57211D230000629D82 /* TabController.swift */ = {isa = PBXFileReference; lastKnownFileType = sourcecode.swift; path = TabController.swift; sourceTree = "<group>"; };
/* End PBXFileReference section */

/* Begin PBXFrameworksBuildPhase section */
		A7278D35210A275D009B2FC3 /* Frameworks */ = {
			isa = PBXFrameworksBuildPhase;
			buildActionMask = 2147483647;
			files = (
			);
			runOnlyForDeploymentPostprocessing = 0;
		};
		A7278D4C210A2760009B2FC3 /* Frameworks */ = {
			isa = PBXFrameworksBuildPhase;
			buildActionMask = 2147483647;
			files = (
			);
			runOnlyForDeploymentPostprocessing = 0;
		};
/* End PBXFrameworksBuildPhase section */

/* Begin PBXGroup section */
		A7278D2F210A275D009B2FC3 = {
			isa = PBXGroup;
			children = (
				A7278D3A210A275D009B2FC3 /* Just Start */,
				A7278D52210A2760009B2FC3 /* Just StartTests */,
				A7278D39210A275D009B2FC3 /* Products */,
			);
			sourceTree = "<group>";
		};
		A7278D39210A275D009B2FC3 /* Products */ = {
			isa = PBXGroup;
			children = (
				A7278D38210A275D009B2FC3 /* Just Start.app */,
				A7278D4F210A2760009B2FC3 /* Just StartTests.xctest */,
			);
			name = Products;
			sourceTree = "<group>";
		};
		A7278D3A210A275D009B2FC3 /* Just Start */ = {
			isa = PBXGroup;
			children = (
				A7278D3B210A275D009B2FC3 /* AppDelegate.swift */,
				A7F7CF56211D225900629D82 /* Controllers */,
				A7F7CF55211D224700629D82 /* Views */,
				A7F7CF54211D223E00629D82 /* Model */,
				A7278D3F210A275D009B2FC3 /* Main.storyboard */,
				A7278D45210A275F009B2FC3 /* Assets.xcassets */,
				A7278D47210A275F009B2FC3 /* LaunchScreen.storyboard */,
				A7278D4A210A275F009B2FC3 /* Info.plist */,
				A7278D42210A275D009B2FC3 /* Just_Start.xcdatamodeld */,
			);
			path = "Just Start";
			sourceTree = "<group>";
		};
		A7278D52210A2760009B2FC3 /* Just StartTests */ = {
			isa = PBXGroup;
			children = (
				A7278D53210A2760009B2FC3 /* Just_StartTests.swift */,
				A7278D55210A2760009B2FC3 /* Info.plist */,
			);
			path = "Just StartTests";
			sourceTree = "<group>";
		};
		A75194D0211A7CC0003F5E14 /* ProjectControllers */ = {
			isa = PBXGroup;
			children = (
				A7278D5E210A28F6009B2FC3 /* ProjectListController.swift */,
				A7451381210F623600512AC4 /* AddProjectController.swift */,
				A75194D1211A7CE0003F5E14 /* TaskListController.swift */,
				A7F7CF50211D1C3C00629D82 /* AddTaskController.swift */,
			);
			path = ProjectControllers;
			sourceTree = "<group>";
		};
		A7F7CF54211D223E00629D82 /* Model */ = {
			isa = PBXGroup;
			children = (
				A75194CC211A7962003F5E14 /* CoreDataStack.swift */,
				A75194CE211A7AA9003F5E14 /* Utils.swift */,
				A75194D7211A8A1A003F5E14 /* Project+CoreDataClass.swift */,
				A75194D8211A8A1A003F5E14 /* Project+CoreDataProperties.swift */,
				A75194D9211A8A1A003F5E14 /* Task+CoreDataClass.swift */,
				A75194DA211A8A1A003F5E14 /* Task+CoreDataProperties.swift */,
			);
			path = Model;
			sourceTree = "<group>";
		};
		A7F7CF55211D224700629D82 /* Views */ = {
			isa = PBXGroup;
			children = (
				A7278D60210A2B8A009B2FC3 /* ProjectCell.swift */,
				A7F7CF52211D223100629D82 /* TaskCell.swift */,
				A7214E89211E4AA500C34039 /* ProjectDetailsCell.swift */,
				A7214E8B211E4AB400C34039 /* NewTaskCell.swift */,
			);
			path = Views;
			sourceTree = "<group>";
		};
		A7F7CF56211D225900629D82 /* Controllers */ = {
			isa = PBXGroup;
			children = (
				A7F7CF57211D230000629D82 /* TabController.swift */,
				A75194D0211A7CC0003F5E14 /* ProjectControllers */,
			);
			path = Controllers;
			sourceTree = "<group>";
		};
/* End PBXGroup section */

/* Begin PBXNativeTarget section */
		A7278D37210A275D009B2FC3 /* Just Start */ = {
			isa = PBXNativeTarget;
			buildConfigurationList = A7278D58210A2760009B2FC3 /* Build configuration list for PBXNativeTarget "Just Start" */;
			buildPhases = (
				A7278D34210A275D009B2FC3 /* Sources */,
				A7278D35210A275D009B2FC3 /* Frameworks */,
				A7278D36210A275D009B2FC3 /* Resources */,
			);
			buildRules = (
			);
			dependencies = (
			);
			name = "Just Start";
			productName = "Just Start";
			productReference = A7278D38210A275D009B2FC3 /* Just Start.app */;
			productType = "com.apple.product-type.application";
		};
		A7278D4E210A2760009B2FC3 /* Just StartTests */ = {
			isa = PBXNativeTarget;
			buildConfigurationList = A7278D5B210A2760009B2FC3 /* Build configuration list for PBXNativeTarget "Just StartTests" */;
			buildPhases = (
				A7278D4B210A2760009B2FC3 /* Sources */,
				A7278D4C210A2760009B2FC3 /* Frameworks */,
				A7278D4D210A2760009B2FC3 /* Resources */,
			);
			buildRules = (
			);
			dependencies = (
				A7278D51210A2760009B2FC3 /* PBXTargetDependency */,
			);
			name = "Just StartTests";
			productName = "Just StartTests";
			productReference = A7278D4F210A2760009B2FC3 /* Just StartTests.xctest */;
			productType = "com.apple.product-type.bundle.unit-test";
		};
/* End PBXNativeTarget section */

/* Begin PBXProject section */
		A7278D30210A275D009B2FC3 /* Project object */ = {
			isa = PBXProject;
			attributes = {
				LastSwiftUpdateCheck = 0940;
				LastUpgradeCheck = 0940;
				ORGANIZATIONNAME = "Garrett Votaw";
				TargetAttributes = {
					A7278D37210A275D009B2FC3 = {
						CreatedOnToolsVersion = 9.4.1;
						LastSwiftMigration = 1020;
					};
					A7278D4E210A2760009B2FC3 = {
						CreatedOnToolsVersion = 9.4.1;
						LastSwiftMigration = 1020;
						TestTargetID = A7278D37210A275D009B2FC3;
					};
				};
			};
			buildConfigurationList = A7278D33210A275D009B2FC3 /* Build configuration list for PBXProject "Just Start" */;
			compatibilityVersion = "Xcode 9.3";
			developmentRegion = en;
			hasScannedForEncodings = 0;
			knownRegions = (
				en,
				Base,
			);
			mainGroup = A7278D2F210A275D009B2FC3;
			productRefGroup = A7278D39210A275D009B2FC3 /* Products */;
			projectDirPath = "";
			projectRoot = "";
			targets = (
				A7278D37210A275D009B2FC3 /* Just Start */,
				A7278D4E210A2760009B2FC3 /* Just StartTests */,
			);
		};
/* End PBXProject section */

/* Begin PBXResourcesBuildPhase section */
		A7278D36210A275D009B2FC3 /* Resources */ = {
			isa = PBXResourcesBuildPhase;
			buildActionMask = 2147483647;
			files = (
				A7278D49210A275F009B2FC3 /* LaunchScreen.storyboard in Resources */,
				A7278D46210A275F009B2FC3 /* Assets.xcassets in Resources */,
				A7278D41210A275D009B2FC3 /* Main.storyboard in Resources */,
			);
			runOnlyForDeploymentPostprocessing = 0;
		};
		A7278D4D210A2760009B2FC3 /* Resources */ = {
			isa = PBXResourcesBuildPhase;
			buildActionMask = 2147483647;
			files = (
			);
			runOnlyForDeploymentPostprocessing = 0;
		};
/* End PBXResourcesBuildPhase section */

/* Begin PBXSourcesBuildPhase section */
		A7278D34210A275D009B2FC3 /* Sources */ = {
			isa = PBXSourcesBuildPhase;
			buildActionMask = 2147483647;
			files = (
				A7214E8A211E4AA500C34039 /* ProjectDetailsCell.swift in Sources */,
				A7278D3C210A275D009B2FC3 /* AppDelegate.swift in Sources */,
				A7214E8C211E4AB400C34039 /* NewTaskCell.swift in Sources */,
				A7451382210F623600512AC4 /* AddProjectController.swift in Sources */,
				A75194DC211A8A1A003F5E14 /* Project+CoreDataProperties.swift in Sources */,
				A75194CF211A7AA9003F5E14 /* Utils.swift in Sources */,
				A75194DB211A8A1A003F5E14 /* Project+CoreDataClass.swift in Sources */,
				A7278D5F210A28F6009B2FC3 /* ProjectListController.swift in Sources */,
				A7278D44210A275D009B2FC3 /* Just_Start.xcdatamodeld in Sources */,
				A7278D61210A2B8A009B2FC3 /* ProjectCell.swift in Sources */,
				A7F7CF53211D223100629D82 /* TaskCell.swift in Sources */,
				A75194DD211A8A1A003F5E14 /* Task+CoreDataClass.swift in Sources */,
				A7F7CF58211D230000629D82 /* TabController.swift in Sources */,
				A75194D2211A7CE0003F5E14 /* TaskListController.swift in Sources */,
				A75194DE211A8A1A003F5E14 /* Task+CoreDataProperties.swift in Sources */,
				A75194CD211A7962003F5E14 /* CoreDataStack.swift in Sources */,
				A7F7CF51211D1C3C00629D82 /* AddTaskController.swift in Sources */,
			);
			runOnlyForDeploymentPostprocessing = 0;
		};
		A7278D4B210A2760009B2FC3 /* Sources */ = {
			isa = PBXSourcesBuildPhase;
			buildActionMask = 2147483647;
			files = (
				A7278D54210A2760009B2FC3 /* Just_StartTests.swift in Sources */,
			);
			runOnlyForDeploymentPostprocessing = 0;
		};
/* End PBXSourcesBuildPhase section */

/* Begin PBXTargetDependency section */
		A7278D51210A2760009B2FC3 /* PBXTargetDependency */ = {
			isa = PBXTargetDependency;
			target = A7278D37210A275D009B2FC3 /* Just Start */;
			targetProxy = A7278D50210A2760009B2FC3 /* PBXContainerItemProxy */;
		};
/* End PBXTargetDependency section */

/* Begin PBXVariantGroup section */
		A7278D3F210A275D009B2FC3 /* Main.storyboard */ = {
			isa = PBXVariantGroup;
			children = (
				A7278D40210A275D009B2FC3 /* Base */,
			);
			name = Main.storyboard;
			sourceTree = "<group>";
		};
		A7278D47210A275F009B2FC3 /* LaunchScreen.storyboard */ = {
			isa = PBXVariantGroup;
			children = (
				A7278D48210A275F009B2FC3 /* Base */,
			);
			name = LaunchScreen.storyboard;
			sourceTree = "<group>";
		};
/* End PBXVariantGroup section */

/* Begin XCBuildConfiguration section */
		A7278D56210A2760009B2FC3 /* Debug */ = {
			isa = XCBuildConfiguration;
			buildSettings = {
				ALWAYS_SEARCH_USER_PATHS = NO;
				CLANG_ANALYZER_NONNULL = YES;
				CLANG_ANALYZER_NUMBER_OBJECT_CONVERSION = YES_AGGRESSIVE;
				CLANG_CXX_LANGUAGE_STANDARD = "gnu++14";
				CLANG_CXX_LIBRARY = "libc++";
				CLANG_ENABLE_MODULES = YES;
				CLANG_ENABLE_OBJC_ARC = YES;
				CLANG_ENABLE_OBJC_WEAK = YES;
				CLANG_WARN_BLOCK_CAPTURE_AUTORELEASING = YES;
				CLANG_WARN_BOOL_CONVERSION = YES;
				CLANG_WARN_COMMA = YES;
				CLANG_WARN_CONSTANT_CONVERSION = YES;
				CLANG_WARN_DEPRECATED_OBJC_IMPLEMENTATIONS = YES;
				CLANG_WARN_DIRECT_OBJC_ISA_USAGE = YES_ERROR;
				CLANG_WARN_DOCUMENTATION_COMMENTS = YES;
				CLANG_WARN_EMPTY_BODY = YES;
				CLANG_WARN_ENUM_CONVERSION = YES;
				CLANG_WARN_INFINITE_RECURSION = YES;
				CLANG_WARN_INT_CONVERSION = YES;
				CLANG_WARN_NON_LITERAL_NULL_CONVERSION = YES;
				CLANG_WARN_OBJC_IMPLICIT_RETAIN_SELF = YES;
				CLANG_WARN_OBJC_LITERAL_CONVERSION = YES;
				CLANG_WARN_OBJC_ROOT_CLASS = YES_ERROR;
				CLANG_WARN_RANGE_LOOP_ANALYSIS = YES;
				CLANG_WARN_STRICT_PROTOTYPES = YES;
				CLANG_WARN_SUSPICIOUS_MOVE = YES;
				CLANG_WARN_UNGUARDED_AVAILABILITY = YES_AGGRESSIVE;
				CLANG_WARN_UNREACHABLE_CODE = YES;
				CLANG_WARN__DUPLICATE_METHOD_MATCH = YES;
				CODE_SIGN_IDENTITY = "iPhone Developer";
				COPY_PHASE_STRIP = NO;
				DEBUG_INFORMATION_FORMAT = dwarf;
				ENABLE_STRICT_OBJC_MSGSEND = YES;
				ENABLE_TESTABILITY = YES;
				GCC_C_LANGUAGE_STANDARD = gnu11;
				GCC_DYNAMIC_NO_PIC = NO;
				GCC_NO_COMMON_BLOCKS = YES;
				GCC_OPTIMIZATION_LEVEL = 0;
				GCC_PREPROCESSOR_DEFINITIONS = (
					"DEBUG=1",
					"$(inherited)",
				);
				GCC_WARN_64_TO_32_BIT_CONVERSION = YES;
				GCC_WARN_ABOUT_RETURN_TYPE = YES_ERROR;
				GCC_WARN_UNDECLARED_SELECTOR = YES;
				GCC_WARN_UNINITIALIZED_AUTOS = YES_AGGRESSIVE;
				GCC_WARN_UNUSED_FUNCTION = YES;
				GCC_WARN_UNUSED_VARIABLE = YES;
				IPHONEOS_DEPLOYMENT_TARGET = 11.4;
				MTL_ENABLE_DEBUG_INFO = YES;
				ONLY_ACTIVE_ARCH = YES;
				SDKROOT = iphoneos;
				SWIFT_ACTIVE_COMPILATION_CONDITIONS = DEBUG;
				SWIFT_OPTIMIZATION_LEVEL = "-Onone";
			};
			name = Debug;
		};
		A7278D57210A2760009B2FC3 /* Release */ = {
			isa = XCBuildConfiguration;
			buildSettings = {
				ALWAYS_SEARCH_USER_PATHS = NO;
				CLANG_ANALYZER_NONNULL = YES;
				CLANG_ANALYZER_NUMBER_OBJECT_CONVERSION = YES_AGGRESSIVE;
				CLANG_CXX_LANGUAGE_STANDARD = "gnu++14";
				CLANG_CXX_LIBRARY = "libc++";
				CLANG_ENABLE_MODULES = YES;
				CLANG_ENABLE_OBJC_ARC = YES;
				CLANG_ENABLE_OBJC_WEAK = YES;
				CLANG_WARN_BLOCK_CAPTURE_AUTORELEASING = YES;
				CLANG_WARN_BOOL_CONVERSION = YES;
				CLANG_WARN_COMMA = YES;
				CLANG_WARN_CONSTANT_CONVERSION = YES;
				CLANG_WARN_DEPRECATED_OBJC_IMPLEMENTATIONS = YES;
				CLANG_WARN_DIRECT_OBJC_ISA_USAGE = YES_ERROR;
				CLANG_WARN_DOCUMENTATION_COMMENTS = YES;
				CLANG_WARN_EMPTY_BODY = YES;
				CLANG_WARN_ENUM_CONVERSION = YES;
				CLANG_WARN_INFINITE_RECURSION = YES;
				CLANG_WARN_INT_CONVERSION = YES;
				CLANG_WARN_NON_LITERAL_NULL_CONVERSION = YES;
				CLANG_WARN_OBJC_IMPLICIT_RETAIN_SELF = YES;
				CLANG_WARN_OBJC_LITERAL_CONVERSION = YES;
				CLANG_WARN_OBJC_ROOT_CLASS = YES_ERROR;
				CLANG_WARN_RANGE_LOOP_ANALYSIS = YES;
				CLANG_WARN_STRICT_PROTOTYPES = YES;
				CLANG_WARN_SUSPICIOUS_MOVE = YES;
				CLANG_WARN_UNGUARDED_AVAILABILITY = YES_AGGRESSIVE;
				CLANG_WARN_UNREACHABLE_CODE = YES;
				CLANG_WARN__DUPLICATE_METHOD_MATCH = YES;
				CODE_SIGN_IDENTITY = "iPhone Developer";
				COPY_PHASE_STRIP = NO;
				DEBUG_INFORMATION_FORMAT = "dwarf-with-dsym";
				ENABLE_NS_ASSERTIONS = NO;
				ENABLE_STRICT_OBJC_MSGSEND = YES;
				GCC_C_LANGUAGE_STANDARD = gnu11;
				GCC_NO_COMMON_BLOCKS = YES;
				GCC_WARN_64_TO_32_BIT_CONVERSION = YES;
				GCC_WARN_ABOUT_RETURN_TYPE = YES_ERROR;
				GCC_WARN_UNDECLARED_SELECTOR = YES;
				GCC_WARN_UNINITIALIZED_AUTOS = YES_AGGRESSIVE;
				GCC_WARN_UNUSED_FUNCTION = YES;
				GCC_WARN_UNUSED_VARIABLE = YES;
				IPHONEOS_DEPLOYMENT_TARGET = 11.4;
				MTL_ENABLE_DEBUG_INFO = NO;
				SDKROOT = iphoneos;
				SWIFT_COMPILATION_MODE = wholemodule;
				SWIFT_OPTIMIZATION_LEVEL = "-O";
				VALIDATE_PRODUCT = YES;
			};
			name = Release;
		};
		A7278D59210A2760009B2FC3 /* Debug */ = {
			isa = XCBuildConfiguration;
			buildSettings = {
				ASSETCATALOG_COMPILER_APPICON_NAME = AppIcon;
				CODE_SIGN_STYLE = Automatic;
				DEVELOPMENT_TEAM = 2J2B92S4Z7;
				INFOPLIST_FILE = "Just Start/Info.plist";
				LD_RUNPATH_SEARCH_PATHS = (
					"$(inherited)",
					"@executable_path/Frameworks",
				);
				PRODUCT_BUNDLE_IDENTIFIER = "org.votaw.Just-Start";
				PRODUCT_NAME = "$(TARGET_NAME)";
				SWIFT_VERSION = 5.0;
				TARGETED_DEVICE_FAMILY = "1,2";
			};
			name = Debug;
		};
		A7278D5A210A2760009B2FC3 /* Release */ = {
			isa = XCBuildConfiguration;
			buildSettings = {
				ASSETCATALOG_COMPILER_APPICON_NAME = AppIcon;
				CODE_SIGN_STYLE = Automatic;
				DEVELOPMENT_TEAM = 2J2B92S4Z7;
				INFOPLIST_FILE = "Just Start/Info.plist";
				LD_RUNPATH_SEARCH_PATHS = (
					"$(inherited)",
					"@executable_path/Frameworks",
				);
				PRODUCT_BUNDLE_IDENTIFIER = "org.votaw.Just-Start";
				PRODUCT_NAME = "$(TARGET_NAME)";
				SWIFT_VERSION = 5.0;
				TARGETED_DEVICE_FAMILY = "1,2";
			};
			name = Release;
		};
		A7278D5C210A2760009B2FC3 /* Debug */ = {
			isa = XCBuildConfiguration;
			buildSettings = {
				ALWAYS_EMBED_SWIFT_STANDARD_LIBRARIES = YES;
				BUNDLE_LOADER = "$(TEST_HOST)";
				CODE_SIGN_STYLE = Automatic;
				DEVELOPMENT_TEAM = 2J2B92S4Z7;
				INFOPLIST_FILE = "Just StartTests/Info.plist";
				LD_RUNPATH_SEARCH_PATHS = (
					"$(inherited)",
					"@executable_path/Frameworks",
					"@loader_path/Frameworks",
				);
				PRODUCT_BUNDLE_IDENTIFIER = "org.votaw.Just-StartTests";
				PRODUCT_NAME = "$(TARGET_NAME)";
				SWIFT_VERSION = 5.0;
				TARGETED_DEVICE_FAMILY = "1,2";
				TEST_HOST = "$(BUILT_PRODUCTS_DIR)/Just Start.app/Just Start";
			};
			name = Debug;
		};
		A7278D5D210A2760009B2FC3 /* Release */ = {
			isa = XCBuildConfiguration;
			buildSettings = {
				ALWAYS_EMBED_SWIFT_STANDARD_LIBRARIES = YES;
				BUNDLE_LOADER = "$(TEST_HOST)";
				CODE_SIGN_STYLE = Automatic;
				DEVELOPMENT_TEAM = 2J2B92S4Z7;
				INFOPLIST_FILE = "Just StartTests/Info.plist";
				LD_RUNPATH_SEARCH_PATHS = (
					"$(inherited)",
					"@executable_path/Frameworks",
					"@loader_path/Frameworks",
				);
				PRODUCT_BUNDLE_IDENTIFIER = "org.votaw.Just-StartTests";
				PRODUCT_NAME = "$(TARGET_NAME)";
				SWIFT_VERSION = 5.0;
				TARGETED_DEVICE_FAMILY = "1,2";
				TEST_HOST = "$(BUILT_PRODUCTS_DIR)/Just Start.app/Just Start";
			};
			name = Release;
		};
/* End XCBuildConfiguration section */

/* Begin XCConfigurationList section */
		A7278D33210A275D009B2FC3 /* Build configuration list for PBXProject "Just Start" */ = {
			isa = XCConfigurationList;
			buildConfigurations = (
				A7278D56210A2760009B2FC3 /* Debug */,
				A7278D57210A2760009B2FC3 /* Release */,
			);
			defaultConfigurationIsVisible = 0;
			defaultConfigurationName = Release;
		};
		A7278D58210A2760009B2FC3 /* Build configuration list for PBXNativeTarget "Just Start" */ = {
			isa = XCConfigurationList;
			buildConfigurations = (
				A7278D59210A2760009B2FC3 /* Debug */,
				A7278D5A210A2760009B2FC3 /* Release */,
			);
			defaultConfigurationIsVisible = 0;
			defaultConfigurationName = Release;
		};
		A7278D5B210A2760009B2FC3 /* Build configuration list for PBXNativeTarget "Just StartTests" */ = {
			isa = XCConfigurationList;
			buildConfigurations = (
				A7278D5C210A2760009B2FC3 /* Debug */,
				A7278D5D210A2760009B2FC3 /* Release */,
			);
			defaultConfigurationIsVisible = 0;
			defaultConfigurationName = Release;
		};
/* End XCConfigurationList section */

/* Begin XCVersionGroup section */
		A7278D42210A275D009B2FC3 /* Just_Start.xcdatamodeld */ = {
			isa = XCVersionGroup;
			children = (
				A7278D43210A275D009B2FC3 /* Just_Start.xcdatamodel */,
			);
			currentVersion = A7278D43210A275D009B2FC3 /* Just_Start.xcdatamodel */;
			path = Just_Start.xcdatamodeld;
			sourceTree = "<group>";
			versionGroupType = wrapper.xcdatamodel;
		};
/* End XCVersionGroup section */
	};
	rootObject = A7278D30210A275D009B2FC3 /* Project object */;
}
